// !$*UTF8*$!
{
	archiveVersion = 1;
	classes = {
	};
	objectVersion = 46;
	objects = {

/* Begin PBXBuildFile section */
		7901A0691505F4B7003DA0DC /* UIKit.framework in Frameworks */ = {isa = PBXBuildFile; fileRef = 7901A0681505F4B7003DA0DC /* UIKit.framework */; };
		7901A06B1505F4B7003DA0DC /* Foundation.framework in Frameworks */ = {isa = PBXBuildFile; fileRef = 7901A06A1505F4B7003DA0DC /* Foundation.framework */; };
		7901A06D1505F4B7003DA0DC /* CoreGraphics.framework in Frameworks */ = {isa = PBXBuildFile; fileRef = 7901A06C1505F4B7003DA0DC /* CoreGraphics.framework */; };
		7901A0731505F4B7003DA0DC /* InfoPlist.strings in Resources */ = {isa = PBXBuildFile; fileRef = 7901A0711505F4B7003DA0DC /* InfoPlist.strings */; };
		7901A0751505F4B7003DA0DC /* main.m in Sources */ = {isa = PBXBuildFile; fileRef = 7901A0741505F4B7003DA0DC /* main.m */; };
		7901A0791505F4B7003DA0DC /* AppDelegate.m in Sources */ = {isa = PBXBuildFile; fileRef = 7901A0781505F4B7003DA0DC /* AppDelegate.m */; };
		7901A0811505F4B8003DA0DC /* SenTestingKit.framework in Frameworks */ = {isa = PBXBuildFile; fileRef = 7901A0801505F4B8003DA0DC /* SenTestingKit.framework */; };
		7901A0821505F4B8003DA0DC /* UIKit.framework in Frameworks */ = {isa = PBXBuildFile; fileRef = 7901A0681505F4B7003DA0DC /* UIKit.framework */; };
		7901A0831505F4B8003DA0DC /* Foundation.framework in Frameworks */ = {isa = PBXBuildFile; fileRef = 7901A06A1505F4B7003DA0DC /* Foundation.framework */; };
		7901A08B1505F4B8003DA0DC /* InfoPlist.strings in Resources */ = {isa = PBXBuildFile; fileRef = 7901A0891505F4B8003DA0DC /* InfoPlist.strings */; };
		7901A08E1505F4B8003DA0DC /* PhotoSubmitterExampleTests.m in Sources */ = {isa = PBXBuildFile; fileRef = 7901A08D1505F4B8003DA0DC /* PhotoSubmitterExampleTests.m */; };
		7901A1221505F908003DA0DC /* AssetsLibrary.framework in Frameworks */ = {isa = PBXBuildFile; fileRef = 7901A1211505F908003DA0DC /* AssetsLibrary.framework */; };
		7901A1241505F914003DA0DC /* ImageIO.framework in Frameworks */ = {isa = PBXBuildFile; fileRef = 7901A1231505F914003DA0DC /* ImageIO.framework */; };
		7901A1261505F922003DA0DC /* libicucore.dylib in Frameworks */ = {isa = PBXBuildFile; fileRef = 7901A1251505F922003DA0DC /* libicucore.dylib */; };
		7901A1281505F930003DA0DC /* CoreLocation.framework in Frameworks */ = {isa = PBXBuildFile; fileRef = 7901A1271505F930003DA0DC /* CoreLocation.framework */; };
		7901A12C1505F957003DA0DC /* Security.framework in Frameworks */ = {isa = PBXBuildFile; fileRef = 7901A12B1505F957003DA0DC /* Security.framework */; };
		7901A12E1505F980003DA0DC /* SystemConfiguration.framework in Frameworks */ = {isa = PBXBuildFile; fileRef = 7901A12D1505F980003DA0DC /* SystemConfiguration.framework */; };
		7901A18E1505FD7A003DA0DC /* FBNetworkReachability.m in Sources */ = {isa = PBXBuildFile; fileRef = 7901A1341505FD7A003DA0DC /* FBNetworkReachability.m */; };
		7901A18F1505FD7A003DA0DC /* NSMutableArray+QueueAdditions.m in Sources */ = {isa = PBXBuildFile; fileRef = 7901A1371505FD7A003DA0DC /* NSMutableArray+QueueAdditions.m */; };
		7901A1901505FD7A003DA0DC /* PDKeychainBindings.m in Sources */ = {isa = PBXBuildFile; fileRef = 7901A13A1505FD7A003DA0DC /* PDKeychainBindings.m */; };
		7901A1911505FD7A003DA0DC /* PDKeychainBindingsController.m in Sources */ = {isa = PBXBuildFile; fileRef = 7901A13C1505FD7A003DA0DC /* PDKeychainBindingsController.m */; };
		7901A1921505FD7A003DA0DC /* RegexKitLite.m in Sources */ = {isa = PBXBuildFile; fileRef = 7901A13F1505FD7A003DA0DC /* RegexKitLite.m */; };
		7901A1931505FD7A003DA0DC /* UIImage+Alpha.m in Sources */ = {isa = PBXBuildFile; fileRef = 7901A1421505FD7A003DA0DC /* UIImage+Alpha.m */; };
		7901A1941505FD7A003DA0DC /* UIImage+Resize.m in Sources */ = {isa = PBXBuildFile; fileRef = 7901A1441505FD7A003DA0DC /* UIImage+Resize.m */; };
		7901A1951505FD7A003DA0DC /* UIImage+RoundedCorner.m in Sources */ = {isa = PBXBuildFile; fileRef = 7901A1461505FD7A003DA0DC /* UIImage+RoundedCorner.m */; };
		7901A1961505FD7A003DA0DC /* PhotoSubmitter.m in Sources */ = {isa = PBXBuildFile; fileRef = 7901A1481505FD7A003DA0DC /* PhotoSubmitter.m */; };
		7901A1971505FD7A003DA0DC /* PhotoSubmitterAccountTableViewController.m in Sources */ = {isa = PBXBuildFile; fileRef = 7901A14A1505FD7A003DA0DC /* PhotoSubmitterAccountTableViewController.m */; };
		7901A1981505FD7A003DA0DC /* PhotoSubmitterAlbumEntity.m in Sources */ = {isa = PBXBuildFile; fileRef = 7901A14C1505FD7A003DA0DC /* PhotoSubmitterAlbumEntity.m */; };
		7901A1991505FD7A003DA0DC /* PhotoSubmitterFactory.m in Sources */ = {isa = PBXBuildFile; fileRef = 7901A1501505FD7A003DA0DC /* PhotoSubmitterFactory.m */; };
		7901A19A1505FD7A003DA0DC /* PhotoSubmitterImageEntity.m in Sources */ = {isa = PBXBuildFile; fileRef = 7901A1521505FD7A003DA0DC /* PhotoSubmitterImageEntity.m */; };
		7901A19B1505FD7A003DA0DC /* PhotoSubmitterManager.m in Sources */ = {isa = PBXBuildFile; fileRef = 7901A1541505FD7A003DA0DC /* PhotoSubmitterManager.m */; };
		7901A19C1505FD7A003DA0DC /* PhotoSubmitterOperation.m in Sources */ = {isa = PBXBuildFile; fileRef = 7901A1561505FD7A003DA0DC /* PhotoSubmitterOperation.m */; };
		7901A19D1505FD7A003DA0DC /* PhotoSubmitterSequencialOperationQueue.m in Sources */ = {isa = PBXBuildFile; fileRef = 7901A1591505FD7A003DA0DC /* PhotoSubmitterSequencialOperationQueue.m */; };
		7901A19E1505FD7A003DA0DC /* PhotoSubmitterSettings.m in Sources */ = {isa = PBXBuildFile; fileRef = 7901A15B1505FD7A003DA0DC /* PhotoSubmitterSettings.m */; };
		7901A19F1505FD7A003DA0DC /* PSLang.m in Sources */ = {isa = PBXBuildFile; fileRef = 7901A15D1505FD7A003DA0DC /* PSLang.m */; };
		7901A1A11505FD7A003DA0DC /* PhotoSubmitter.strings in Resources */ = {isa = PBXBuildFile; fileRef = 7901A1611505FD7A003DA0DC /* PhotoSubmitter.strings */; };
		7901A1A21505FD7A003DA0DC /* strings.txt in Resources */ = {isa = PBXBuildFile; fileRef = 7901A1641505FD7A003DA0DC /* strings.txt */; };
		7901A1A31505FD7A003DA0DC /* FilePhotoSubmitter.m in Sources */ = {isa = PBXBuildFile; fileRef = 7901A1681505FD7A003DA0DC /* FilePhotoSubmitter.m */; };
		7901A1A41505FD7A003DA0DC /* file_16.png in Resources */ = {isa = PBXBuildFile; fileRef = 7901A16B1505FD7A003DA0DC /* file_16.png */; };
		7901A1A51505FD7A003DA0DC /* file_16@2x.png in Resources */ = {isa = PBXBuildFile; fileRef = 7901A16C1505FD7A003DA0DC /* file_16@2x.png */; };
		7901A1A61505FD7A003DA0DC /* file_32.png in Resources */ = {isa = PBXBuildFile; fileRef = 7901A16D1505FD7A003DA0DC /* file_32.png */; };
		7901A1A71505FD7A003DA0DC /* file_32@2x.png in Resources */ = {isa = PBXBuildFile; fileRef = 7901A16E1505FD7A003DA0DC /* file_32@2x.png */; };
		7901A1A81505FD7A003DA0DC /* AlbumPhotoSubmitterSettingTableViewController.m in Sources */ = {isa = PBXBuildFile; fileRef = 7901A1711505FD7A003DA0DC /* AlbumPhotoSubmitterSettingTableViewController.m */; };
		7901A1A91505FD7A003DA0DC /* CreateAlbumPhotoSubmitterSettingViewController.m in Sources */ = {isa = PBXBuildFile; fileRef = 7901A1731505FD7A003DA0DC /* CreateAlbumPhotoSubmitterSettingViewController.m */; };
		7901A1AA1505FD7A003DA0DC /* PhotoSubmitterServiceSettingTableViewController.m in Sources */ = {isa = PBXBuildFile; fileRef = 7901A1751505FD7A003DA0DC /* PhotoSubmitterServiceSettingTableViewController.m */; };
		7901A1AB1505FD7A003DA0DC /* PhotoSubmitterSettingTableViewController.m in Sources */ = {isa = PBXBuildFile; fileRef = 7901A1771505FD7A003DA0DC /* PhotoSubmitterSettingTableViewController.m */; };
		7901A1AC1505FD7A003DA0DC /* PhotoSubmitterSwitch.m in Sources */ = {isa = PBXBuildFile; fileRef = 7901A17A1505FD7A003DA0DC /* PhotoSubmitterSwitch.m */; };
		7901A1AD1505FD7A003DA0DC /* SimplePhotoSubmitterSettingTableViewController.m in Sources */ = {isa = PBXBuildFile; fileRef = 7901A17C1505FD7A003DA0DC /* SimplePhotoSubmitterSettingTableViewController.m */; };
		7901A1AF1505FD7A003DA0DC /* base64.c in Sources */ = {isa = PBXBuildFile; fileRef = 7901A17F1505FD7A003DA0DC /* base64.c */; };
		7901A1B01505FD7A003DA0DC /* NSData+Base64.m in Sources */ = {isa = PBXBuildFile; fileRef = 7901A1821505FD7A003DA0DC /* NSData+Base64.m */; };
		7901A1B11505FD7A003DA0DC /* NSData+Digest.m in Sources */ = {isa = PBXBuildFile; fileRef = 7901A1841505FD7A003DA0DC /* NSData+Digest.m */; };
		7901A1B21505FD7A003DA0DC /* NSString+Base64.m in Sources */ = {isa = PBXBuildFile; fileRef = 7901A1861505FD7A003DA0DC /* NSString+Base64.m */; };
		7901A1B31505FD7A003DA0DC /* UIImage+AutoRotation.m in Sources */ = {isa = PBXBuildFile; fileRef = 7901A1881505FD7A003DA0DC /* UIImage+AutoRotation.m */; };
		7901A1B41505FD7A003DA0DC /* UIImage+Digest.m in Sources */ = {isa = PBXBuildFile; fileRef = 7901A18A1505FD7A003DA0DC /* UIImage+Digest.m */; };
		7901A1B51505FD7A003DA0DC /* UIImage+EXIF.m in Sources */ = {isa = PBXBuildFile; fileRef = 7901A18C1505FD7A003DA0DC /* UIImage+EXIF.m */; };
/* End PBXBuildFile section */

/* Begin PBXContainerItemProxy section */
		7901A0841505F4B8003DA0DC /* PBXContainerItemProxy */ = {
			isa = PBXContainerItemProxy;
			containerPortal = 7901A05B1505F4B7003DA0DC /* Project object */;
			proxyType = 1;
			remoteGlobalIDString = 7901A0631505F4B7003DA0DC;
			remoteInfo = PhotoSubmitterExample;
		};
/* End PBXContainerItemProxy section */

/* Begin PBXFileReference section */
		7901A0641505F4B7003DA0DC /* PhotoSubmitterExample.app */ = {isa = PBXFileReference; explicitFileType = wrapper.application; includeInIndex = 0; path = PhotoSubmitterExample.app; sourceTree = BUILT_PRODUCTS_DIR; };
		7901A0681505F4B7003DA0DC /* UIKit.framework */ = {isa = PBXFileReference; lastKnownFileType = wrapper.framework; name = UIKit.framework; path = System/Library/Frameworks/UIKit.framework; sourceTree = SDKROOT; };
		7901A06A1505F4B7003DA0DC /* Foundation.framework */ = {isa = PBXFileReference; lastKnownFileType = wrapper.framework; name = Foundation.framework; path = System/Library/Frameworks/Foundation.framework; sourceTree = SDKROOT; };
		7901A06C1505F4B7003DA0DC /* CoreGraphics.framework */ = {isa = PBXFileReference; lastKnownFileType = wrapper.framework; name = CoreGraphics.framework; path = System/Library/Frameworks/CoreGraphics.framework; sourceTree = SDKROOT; };
		7901A0701505F4B7003DA0DC /* PhotoSubmitterExample-Info.plist */ = {isa = PBXFileReference; lastKnownFileType = text.plist.xml; path = "PhotoSubmitterExample-Info.plist"; sourceTree = "<group>"; };
		7901A0721505F4B7003DA0DC /* en */ = {isa = PBXFileReference; lastKnownFileType = text.plist.strings; name = en; path = en.lproj/InfoPlist.strings; sourceTree = "<group>"; };
		7901A0741505F4B7003DA0DC /* main.m */ = {isa = PBXFileReference; lastKnownFileType = sourcecode.c.objc; path = main.m; sourceTree = "<group>"; };
		7901A0761505F4B7003DA0DC /* PhotoSubmitterExample-Prefix.pch */ = {isa = PBXFileReference; lastKnownFileType = sourcecode.c.h; path = "PhotoSubmitterExample-Prefix.pch"; sourceTree = "<group>"; };
		7901A0771505F4B7003DA0DC /* AppDelegate.h */ = {isa = PBXFileReference; lastKnownFileType = sourcecode.c.h; path = AppDelegate.h; sourceTree = "<group>"; };
		7901A0781505F4B7003DA0DC /* AppDelegate.m */ = {isa = PBXFileReference; lastKnownFileType = sourcecode.c.objc; path = AppDelegate.m; sourceTree = "<group>"; };
		7901A07F1505F4B7003DA0DC /* PhotoSubmitterExampleTests.octest */ = {isa = PBXFileReference; explicitFileType = wrapper.cfbundle; includeInIndex = 0; path = PhotoSubmitterExampleTests.octest; sourceTree = BUILT_PRODUCTS_DIR; };
		7901A0801505F4B8003DA0DC /* SenTestingKit.framework */ = {isa = PBXFileReference; lastKnownFileType = wrapper.framework; name = SenTestingKit.framework; path = Library/Frameworks/SenTestingKit.framework; sourceTree = DEVELOPER_DIR; };
		7901A0881505F4B8003DA0DC /* PhotoSubmitterExampleTests-Info.plist */ = {isa = PBXFileReference; lastKnownFileType = text.plist.xml; path = "PhotoSubmitterExampleTests-Info.plist"; sourceTree = "<group>"; };
		7901A08A1505F4B8003DA0DC /* en */ = {isa = PBXFileReference; lastKnownFileType = text.plist.strings; name = en; path = en.lproj/InfoPlist.strings; sourceTree = "<group>"; };
		7901A08C1505F4B8003DA0DC /* PhotoSubmitterExampleTests.h */ = {isa = PBXFileReference; lastKnownFileType = sourcecode.c.h; path = PhotoSubmitterExampleTests.h; sourceTree = "<group>"; };
		7901A08D1505F4B8003DA0DC /* PhotoSubmitterExampleTests.m */ = {isa = PBXFileReference; lastKnownFileType = sourcecode.c.objc; path = PhotoSubmitterExampleTests.m; sourceTree = "<group>"; };
		7901A1211505F908003DA0DC /* AssetsLibrary.framework */ = {isa = PBXFileReference; lastKnownFileType = wrapper.framework; name = AssetsLibrary.framework; path = System/Library/Frameworks/AssetsLibrary.framework; sourceTree = SDKROOT; };
		7901A1231505F914003DA0DC /* ImageIO.framework */ = {isa = PBXFileReference; lastKnownFileType = wrapper.framework; name = ImageIO.framework; path = System/Library/Frameworks/ImageIO.framework; sourceTree = SDKROOT; };
		7901A1251505F922003DA0DC /* libicucore.dylib */ = {isa = PBXFileReference; lastKnownFileType = "compiled.mach-o.dylib"; name = libicucore.dylib; path = usr/lib/libicucore.dylib; sourceTree = SDKROOT; };
		7901A1271505F930003DA0DC /* CoreLocation.framework */ = {isa = PBXFileReference; lastKnownFileType = wrapper.framework; name = CoreLocation.framework; path = System/Library/Frameworks/CoreLocation.framework; sourceTree = SDKROOT; };
		7901A1291505F941003DA0DC /* CFNetwork.framework */ = {isa = PBXFileReference; lastKnownFileType = wrapper.framework; name = CFNetwork.framework; path = System/Library/Frameworks/CFNetwork.framework; sourceTree = SDKROOT; };
		7901A12B1505F957003DA0DC /* Security.framework */ = {isa = PBXFileReference; lastKnownFileType = wrapper.framework; name = Security.framework; path = System/Library/Frameworks/Security.framework; sourceTree = SDKROOT; };
		7901A12D1505F980003DA0DC /* SystemConfiguration.framework */ = {isa = PBXFileReference; lastKnownFileType = wrapper.framework; name = SystemConfiguration.framework; path = System/Library/Frameworks/SystemConfiguration.framework; sourceTree = SDKROOT; };
		7901A1331505FD7A003DA0DC /* FBNetworkReachability.h */ = {isa = PBXFileReference; fileEncoding = 4; lastKnownFileType = sourcecode.c.h; path = FBNetworkReachability.h; sourceTree = "<group>"; };
		7901A1341505FD7A003DA0DC /* FBNetworkReachability.m */ = {isa = PBXFileReference; fileEncoding = 4; lastKnownFileType = sourcecode.c.objc; path = FBNetworkReachability.m; sourceTree = "<group>"; };
		7901A1361505FD7A003DA0DC /* NSMutableArray+QueueAdditions.h */ = {isa = PBXFileReference; fileEncoding = 4; lastKnownFileType = sourcecode.c.h; path = "NSMutableArray+QueueAdditions.h"; sourceTree = "<group>"; };
		7901A1371505FD7A003DA0DC /* NSMutableArray+QueueAdditions.m */ = {isa = PBXFileReference; fileEncoding = 4; lastKnownFileType = sourcecode.c.objc; path = "NSMutableArray+QueueAdditions.m"; sourceTree = "<group>"; };
		7901A1391505FD7A003DA0DC /* PDKeychainBindings.h */ = {isa = PBXFileReference; fileEncoding = 4; lastKnownFileType = sourcecode.c.h; path = PDKeychainBindings.h; sourceTree = "<group>"; };
		7901A13A1505FD7A003DA0DC /* PDKeychainBindings.m */ = {isa = PBXFileReference; fileEncoding = 4; lastKnownFileType = sourcecode.c.objc; path = PDKeychainBindings.m; sourceTree = "<group>"; };
		7901A13B1505FD7A003DA0DC /* PDKeychainBindingsController.h */ = {isa = PBXFileReference; fileEncoding = 4; lastKnownFileType = sourcecode.c.h; path = PDKeychainBindingsController.h; sourceTree = "<group>"; };
		7901A13C1505FD7A003DA0DC /* PDKeychainBindingsController.m */ = {isa = PBXFileReference; fileEncoding = 4; lastKnownFileType = sourcecode.c.objc; path = PDKeychainBindingsController.m; sourceTree = "<group>"; };
		7901A13E1505FD7A003DA0DC /* RegexKitLite.h */ = {isa = PBXFileReference; fileEncoding = 4; lastKnownFileType = sourcecode.c.h; path = RegexKitLite.h; sourceTree = "<group>"; };
		7901A13F1505FD7A003DA0DC /* RegexKitLite.m */ = {isa = PBXFileReference; fileEncoding = 4; lastKnownFileType = sourcecode.c.objc; path = RegexKitLite.m; sourceTree = "<group>"; };
		7901A1411505FD7A003DA0DC /* UIImage+Alpha.h */ = {isa = PBXFileReference; fileEncoding = 4; lastKnownFileType = sourcecode.c.h; path = "UIImage+Alpha.h"; sourceTree = "<group>"; };
		7901A1421505FD7A003DA0DC /* UIImage+Alpha.m */ = {isa = PBXFileReference; fileEncoding = 4; lastKnownFileType = sourcecode.c.objc; path = "UIImage+Alpha.m"; sourceTree = "<group>"; };
		7901A1431505FD7A003DA0DC /* UIImage+Resize.h */ = {isa = PBXFileReference; fileEncoding = 4; lastKnownFileType = sourcecode.c.h; path = "UIImage+Resize.h"; sourceTree = "<group>"; };
		7901A1441505FD7A003DA0DC /* UIImage+Resize.m */ = {isa = PBXFileReference; fileEncoding = 4; lastKnownFileType = sourcecode.c.objc; path = "UIImage+Resize.m"; sourceTree = "<group>"; };
		7901A1451505FD7A003DA0DC /* UIImage+RoundedCorner.h */ = {isa = PBXFileReference; fileEncoding = 4; lastKnownFileType = sourcecode.c.h; path = "UIImage+RoundedCorner.h"; sourceTree = "<group>"; };
		7901A1461505FD7A003DA0DC /* UIImage+RoundedCorner.m */ = {isa = PBXFileReference; fileEncoding = 4; lastKnownFileType = sourcecode.c.objc; path = "UIImage+RoundedCorner.m"; sourceTree = "<group>"; };
		7901A1471505FD7A003DA0DC /* PhotoSubmitter.h */ = {isa = PBXFileReference; fileEncoding = 4; lastKnownFileType = sourcecode.c.h; path = PhotoSubmitter.h; sourceTree = "<group>"; };
		7901A1481505FD7A003DA0DC /* PhotoSubmitter.m */ = {isa = PBXFileReference; fileEncoding = 4; lastKnownFileType = sourcecode.c.objc; path = PhotoSubmitter.m; sourceTree = "<group>"; };
		7901A1491505FD7A003DA0DC /* PhotoSubmitterAccountTableViewController.h */ = {isa = PBXFileReference; fileEncoding = 4; lastKnownFileType = sourcecode.c.h; path = PhotoSubmitterAccountTableViewController.h; sourceTree = "<group>"; };
		7901A14A1505FD7A003DA0DC /* PhotoSubmitterAccountTableViewController.m */ = {isa = PBXFileReference; fileEncoding = 4; lastKnownFileType = sourcecode.c.objc; path = PhotoSubmitterAccountTableViewController.m; sourceTree = "<group>"; };
		7901A14B1505FD7A003DA0DC /* PhotoSubmitterAlbumEntity.h */ = {isa = PBXFileReference; fileEncoding = 4; lastKnownFileType = sourcecode.c.h; path = PhotoSubmitterAlbumEntity.h; sourceTree = "<group>"; };
		7901A14C1505FD7A003DA0DC /* PhotoSubmitterAlbumEntity.m */ = {isa = PBXFileReference; fileEncoding = 4; lastKnownFileType = sourcecode.c.objc; path = PhotoSubmitterAlbumEntity.m; sourceTree = "<group>"; };
		7901A14D1505FD7A003DA0DC /* PhotoSubmitterAPIKey-template.h */ = {isa = PBXFileReference; fileEncoding = 4; lastKnownFileType = sourcecode.c.h; path = "PhotoSubmitterAPIKey-template.h"; sourceTree = "<group>"; };
		7901A14E1505FD7A003DA0DC /* PhotoSubmitterAPIKey.h */ = {isa = PBXFileReference; fileEncoding = 4; lastKnownFileType = sourcecode.c.h; path = PhotoSubmitterAPIKey.h; sourceTree = "<group>"; };
		7901A14F1505FD7A003DA0DC /* PhotoSubmitterFactory.h */ = {isa = PBXFileReference; fileEncoding = 4; lastKnownFileType = sourcecode.c.h; path = PhotoSubmitterFactory.h; sourceTree = "<group>"; };
		7901A1501505FD7A003DA0DC /* PhotoSubmitterFactory.m */ = {isa = PBXFileReference; fileEncoding = 4; lastKnownFileType = sourcecode.c.objc; path = PhotoSubmitterFactory.m; sourceTree = "<group>"; };
		7901A1511505FD7A003DA0DC /* PhotoSubmitterImageEntity.h */ = {isa = PBXFileReference; fileEncoding = 4; lastKnownFileType = sourcecode.c.h; path = PhotoSubmitterImageEntity.h; sourceTree = "<group>"; };
		7901A1521505FD7A003DA0DC /* PhotoSubmitterImageEntity.m */ = {isa = PBXFileReference; fileEncoding = 4; lastKnownFileType = sourcecode.c.objc; path = PhotoSubmitterImageEntity.m; sourceTree = "<group>"; };
		7901A1531505FD7A003DA0DC /* PhotoSubmitterManager.h */ = {isa = PBXFileReference; fileEncoding = 4; lastKnownFileType = sourcecode.c.h; path = PhotoSubmitterManager.h; sourceTree = "<group>"; };
		7901A1541505FD7A003DA0DC /* PhotoSubmitterManager.m */ = {isa = PBXFileReference; fileEncoding = 4; lastKnownFileType = sourcecode.c.objc; path = PhotoSubmitterManager.m; sourceTree = "<group>"; };
		7901A1551505FD7A003DA0DC /* PhotoSubmitterOperation.h */ = {isa = PBXFileReference; fileEncoding = 4; lastKnownFileType = sourcecode.c.h; path = PhotoSubmitterOperation.h; sourceTree = "<group>"; };
		7901A1561505FD7A003DA0DC /* PhotoSubmitterOperation.m */ = {isa = PBXFileReference; fileEncoding = 4; lastKnownFileType = sourcecode.c.objc; path = PhotoSubmitterOperation.m; sourceTree = "<group>"; };
		7901A1571505FD7A003DA0DC /* PhotoSubmitterProtocol.h */ = {isa = PBXFileReference; fileEncoding = 4; lastKnownFileType = sourcecode.c.h; path = PhotoSubmitterProtocol.h; sourceTree = "<group>"; };
		7901A1581505FD7A003DA0DC /* PhotoSubmitterSequencialOperationQueue.h */ = {isa = PBXFileReference; fileEncoding = 4; lastKnownFileType = sourcecode.c.h; path = PhotoSubmitterSequencialOperationQueue.h; sourceTree = "<group>"; };
		7901A1591505FD7A003DA0DC /* PhotoSubmitterSequencialOperationQueue.m */ = {isa = PBXFileReference; fileEncoding = 4; lastKnownFileType = sourcecode.c.objc; path = PhotoSubmitterSequencialOperationQueue.m; sourceTree = "<group>"; };
		7901A15A1505FD7A003DA0DC /* PhotoSubmitterSettings.h */ = {isa = PBXFileReference; fileEncoding = 4; lastKnownFileType = sourcecode.c.h; path = PhotoSubmitterSettings.h; sourceTree = "<group>"; };
		7901A15B1505FD7A003DA0DC /* PhotoSubmitterSettings.m */ = {isa = PBXFileReference; fileEncoding = 4; lastKnownFileType = sourcecode.c.objc; path = PhotoSubmitterSettings.m; sourceTree = "<group>"; };
		7901A15C1505FD7A003DA0DC /* PSLang.h */ = {isa = PBXFileReference; fileEncoding = 4; lastKnownFileType = sourcecode.c.h; path = PSLang.h; sourceTree = "<group>"; };
		7901A15D1505FD7A003DA0DC /* PSLang.m */ = {isa = PBXFileReference; fileEncoding = 4; lastKnownFileType = sourcecode.c.objc; path = PSLang.m; sourceTree = "<group>"; };
		7901A1621505FD7A003DA0DC /* en */ = {isa = PBXFileReference; lastKnownFileType = text.plist.strings; name = en; path = en.lproj/PhotoSubmitter.strings; sourceTree = "<group>"; };
		7901A1631505FD7A003DA0DC /* ja */ = {isa = PBXFileReference; lastKnownFileType = text.plist.strings; name = ja; path = ja.lproj/PhotoSubmitter.strings; sourceTree = "<group>"; };
		7901A1641505FD7A003DA0DC /* strings.txt */ = {isa = PBXFileReference; fileEncoding = 4; lastKnownFileType = text; path = strings.txt; sourceTree = "<group>"; };
		7901A1671505FD7A003DA0DC /* FilePhotoSubmitter.h */ = {isa = PBXFileReference; fileEncoding = 4; lastKnownFileType = sourcecode.c.h; path = FilePhotoSubmitter.h; sourceTree = "<group>"; };
		7901A1681505FD7A003DA0DC /* FilePhotoSubmitter.m */ = {isa = PBXFileReference; fileEncoding = 4; lastKnownFileType = sourcecode.c.objc; path = FilePhotoSubmitter.m; sourceTree = "<group>"; };
		7901A16B1505FD7A003DA0DC /* file_16.png */ = {isa = PBXFileReference; lastKnownFileType = image.png; path = file_16.png; sourceTree = "<group>"; };
		7901A16C1505FD7A003DA0DC /* file_16@2x.png */ = {isa = PBXFileReference; lastKnownFileType = image.png; path = "file_16@2x.png"; sourceTree = "<group>"; };
		7901A16D1505FD7A003DA0DC /* file_32.png */ = {isa = PBXFileReference; lastKnownFileType = image.png; path = file_32.png; sourceTree = "<group>"; };
		7901A16E1505FD7A003DA0DC /* file_32@2x.png */ = {isa = PBXFileReference; lastKnownFileType = image.png; path = "file_32@2x.png"; sourceTree = "<group>"; };
		7901A1701505FD7A003DA0DC /* AlbumPhotoSubmitterSettingTableViewController.h */ = {isa = PBXFileReference; fileEncoding = 4; lastKnownFileType = sourcecode.c.h; path = AlbumPhotoSubmitterSettingTableViewController.h; sourceTree = "<group>"; };
		7901A1711505FD7A003DA0DC /* AlbumPhotoSubmitterSettingTableViewController.m */ = {isa = PBXFileReference; fileEncoding = 4; lastKnownFileType = sourcecode.c.objc; path = AlbumPhotoSubmitterSettingTableViewController.m; sourceTree = "<group>"; };
		7901A1721505FD7A003DA0DC /* CreateAlbumPhotoSubmitterSettingViewController.h */ = {isa = PBXFileReference; fileEncoding = 4; lastKnownFileType = sourcecode.c.h; path = CreateAlbumPhotoSubmitterSettingViewController.h; sourceTree = "<group>"; };
		7901A1731505FD7A003DA0DC /* CreateAlbumPhotoSubmitterSettingViewController.m */ = {isa = PBXFileReference; fileEncoding = 4; lastKnownFileType = sourcecode.c.objc; path = CreateAlbumPhotoSubmitterSettingViewController.m; sourceTree = "<group>"; };
		7901A1741505FD7A003DA0DC /* PhotoSubmitterServiceSettingTableViewController.h */ = {isa = PBXFileReference; fileEncoding = 4; lastKnownFileType = sourcecode.c.h; path = PhotoSubmitterServiceSettingTableViewController.h; sourceTree = "<group>"; };
		7901A1751505FD7A003DA0DC /* PhotoSubmitterServiceSettingTableViewController.m */ = {isa = PBXFileReference; fileEncoding = 4; lastKnownFileType = sourcecode.c.objc; path = PhotoSubmitterServiceSettingTableViewController.m; sourceTree = "<group>"; };
		7901A1761505FD7A003DA0DC /* PhotoSubmitterSettingTableViewController.h */ = {isa = PBXFileReference; fileEncoding = 4; lastKnownFileType = sourcecode.c.h; path = PhotoSubmitterSettingTableViewController.h; sourceTree = "<group>"; };
		7901A1771505FD7A003DA0DC /* PhotoSubmitterSettingTableViewController.m */ = {isa = PBXFileReference; fileEncoding = 4; lastKnownFileType = sourcecode.c.objc; path = PhotoSubmitterSettingTableViewController.m; sourceTree = "<group>"; };
		7901A1781505FD7A003DA0DC /* PhotoSubmitterSettingTableViewProtocol.h */ = {isa = PBXFileReference; fileEncoding = 4; lastKnownFileType = sourcecode.c.h; path = PhotoSubmitterSettingTableViewProtocol.h; sourceTree = "<group>"; };
		7901A1791505FD7A003DA0DC /* PhotoSubmitterSwitch.h */ = {isa = PBXFileReference; fileEncoding = 4; lastKnownFileType = sourcecode.c.h; path = PhotoSubmitterSwitch.h; sourceTree = "<group>"; };
		7901A17A1505FD7A003DA0DC /* PhotoSubmitterSwitch.m */ = {isa = PBXFileReference; fileEncoding = 4; lastKnownFileType = sourcecode.c.objc; path = PhotoSubmitterSwitch.m; sourceTree = "<group>"; };
		7901A17B1505FD7A003DA0DC /* SimplePhotoSubmitterSettingTableViewController.h */ = {isa = PBXFileReference; fileEncoding = 4; lastKnownFileType = sourcecode.c.h; path = SimplePhotoSubmitterSettingTableViewController.h; sourceTree = "<group>"; };
		7901A17C1505FD7A003DA0DC /* SimplePhotoSubmitterSettingTableViewController.m */ = {isa = PBXFileReference; fileEncoding = 4; lastKnownFileType = sourcecode.c.objc; path = SimplePhotoSubmitterSettingTableViewController.m; sourceTree = "<group>"; };
		7901A17F1505FD7A003DA0DC /* base64.c */ = {isa = PBXFileReference; fileEncoding = 4; lastKnownFileType = sourcecode.c.c; path = base64.c; sourceTree = "<group>"; };
		7901A1801505FD7A003DA0DC /* base64.h */ = {isa = PBXFileReference; fileEncoding = 4; lastKnownFileType = sourcecode.c.h; path = base64.h; sourceTree = "<group>"; };
		7901A1811505FD7A003DA0DC /* NSData+Base64.h */ = {isa = PBXFileReference; fileEncoding = 4; lastKnownFileType = sourcecode.c.h; path = "NSData+Base64.h"; sourceTree = "<group>"; };
		7901A1821505FD7A003DA0DC /* NSData+Base64.m */ = {isa = PBXFileReference; fileEncoding = 4; lastKnownFileType = sourcecode.c.objc; path = "NSData+Base64.m"; sourceTree = "<group>"; };
		7901A1831505FD7A003DA0DC /* NSData+Digest.h */ = {isa = PBXFileReference; fileEncoding = 4; lastKnownFileType = sourcecode.c.h; path = "NSData+Digest.h"; sourceTree = "<group>"; };
		7901A1841505FD7A003DA0DC /* NSData+Digest.m */ = {isa = PBXFileReference; fileEncoding = 4; lastKnownFileType = sourcecode.c.objc; path = "NSData+Digest.m"; sourceTree = "<group>"; };
		7901A1851505FD7A003DA0DC /* NSString+Base64.h */ = {isa = PBXFileReference; fileEncoding = 4; lastKnownFileType = sourcecode.c.h; path = "NSString+Base64.h"; sourceTree = "<group>"; };
		7901A1861505FD7A003DA0DC /* NSString+Base64.m */ = {isa = PBXFileReference; fileEncoding = 4; lastKnownFileType = sourcecode.c.objc; path = "NSString+Base64.m"; sourceTree = "<group>"; };
		7901A1871505FD7A003DA0DC /* UIImage+AutoRotation.h */ = {isa = PBXFileReference; fileEncoding = 4; lastKnownFileType = sourcecode.c.h; path = "UIImage+AutoRotation.h"; sourceTree = "<group>"; };
		7901A1881505FD7A003DA0DC /* UIImage+AutoRotation.m */ = {isa = PBXFileReference; fileEncoding = 4; lastKnownFileType = sourcecode.c.objc; path = "UIImage+AutoRotation.m"; sourceTree = "<group>"; };
		7901A1891505FD7A003DA0DC /* UIImage+Digest.h */ = {isa = PBXFileReference; fileEncoding = 4; lastKnownFileType = sourcecode.c.h; path = "UIImage+Digest.h"; sourceTree = "<group>"; };
		7901A18A1505FD7A003DA0DC /* UIImage+Digest.m */ = {isa = PBXFileReference; fileEncoding = 4; lastKnownFileType = sourcecode.c.objc; path = "UIImage+Digest.m"; sourceTree = "<group>"; };
		7901A18B1505FD7A003DA0DC /* UIImage+EXIF.h */ = {isa = PBXFileReference; fileEncoding = 4; lastKnownFileType = sourcecode.c.h; path = "UIImage+EXIF.h"; sourceTree = "<group>"; };
		7901A18C1505FD7A003DA0DC /* UIImage+EXIF.m */ = {isa = PBXFileReference; fileEncoding = 4; lastKnownFileType = sourcecode.c.objc; path = "UIImage+EXIF.m"; sourceTree = "<group>"; };
/* End PBXFileReference section */

/* Begin PBXFrameworksBuildPhase section */
		7901A0611505F4B7003DA0DC /* Frameworks */ = {
			isa = PBXFrameworksBuildPhase;
			buildActionMask = 2147483647;
			files = (
				7901A12E1505F980003DA0DC /* SystemConfiguration.framework in Frameworks */,
				7901A12C1505F957003DA0DC /* Security.framework in Frameworks */,
				7901A1281505F930003DA0DC /* CoreLocation.framework in Frameworks */,
				7901A1261505F922003DA0DC /* libicucore.dylib in Frameworks */,
				7901A1241505F914003DA0DC /* ImageIO.framework in Frameworks */,
				7901A1221505F908003DA0DC /* AssetsLibrary.framework in Frameworks */,
				7901A0691505F4B7003DA0DC /* UIKit.framework in Frameworks */,
				7901A06B1505F4B7003DA0DC /* Foundation.framework in Frameworks */,
				7901A06D1505F4B7003DA0DC /* CoreGraphics.framework in Frameworks */,
			);
			runOnlyForDeploymentPostprocessing = 0;
		};
		7901A07B1505F4B7003DA0DC /* Frameworks */ = {
			isa = PBXFrameworksBuildPhase;
			buildActionMask = 2147483647;
			files = (
				7901A0811505F4B8003DA0DC /* SenTestingKit.framework in Frameworks */,
				7901A0821505F4B8003DA0DC /* UIKit.framework in Frameworks */,
				7901A0831505F4B8003DA0DC /* Foundation.framework in Frameworks */,
			);
			runOnlyForDeploymentPostprocessing = 0;
		};
/* End PBXFrameworksBuildPhase section */

/* Begin PBXGroup section */
		7901A0591505F4B7003DA0DC = {
			isa = PBXGroup;
			children = (
				7901A06E1505F4B7003DA0DC /* PhotoSubmitterExample */,
				7901A0861505F4B8003DA0DC /* PhotoSubmitterExampleTests */,
				7901A12F1505FD7A003DA0DC /* PhotoSubmitter */,
				7901A0671505F4B7003DA0DC /* Frameworks */,
				7901A1251505F922003DA0DC /* libicucore.dylib */,
				7901A0651505F4B7003DA0DC /* Products */,
			);
			sourceTree = "<group>";
		};
		7901A0651505F4B7003DA0DC /* Products */ = {
			isa = PBXGroup;
			children = (
				7901A0641505F4B7003DA0DC /* PhotoSubmitterExample.app */,
				7901A07F1505F4B7003DA0DC /* PhotoSubmitterExampleTests.octest */,
			);
			name = Products;
			sourceTree = "<group>";
		};
		7901A0671505F4B7003DA0DC /* Frameworks */ = {
			isa = PBXGroup;
			children = (
				7901A1211505F908003DA0DC /* AssetsLibrary.framework */,
				7901A1291505F941003DA0DC /* CFNetwork.framework */,
				7901A06C1505F4B7003DA0DC /* CoreGraphics.framework */,
				7901A1271505F930003DA0DC /* CoreLocation.framework */,
				7901A06A1505F4B7003DA0DC /* Foundation.framework */,
				7901A1231505F914003DA0DC /* ImageIO.framework */,
				7901A12B1505F957003DA0DC /* Security.framework */,
				7901A0801505F4B8003DA0DC /* SenTestingKit.framework */,
				7901A12D1505F980003DA0DC /* SystemConfiguration.framework */,
				7901A0681505F4B7003DA0DC /* UIKit.framework */,
			);
			name = Frameworks;
			sourceTree = "<group>";
		};
		7901A06E1505F4B7003DA0DC /* PhotoSubmitterExample */ = {
			isa = PBXGroup;
			children = (
				7901A0771505F4B7003DA0DC /* AppDelegate.h */,
				7901A0781505F4B7003DA0DC /* AppDelegate.m */,
				7901A06F1505F4B7003DA0DC /* Supporting Files */,
			);
			path = PhotoSubmitterExample;
			sourceTree = "<group>";
		};
		7901A06F1505F4B7003DA0DC /* Supporting Files */ = {
			isa = PBXGroup;
			children = (
				7901A0701505F4B7003DA0DC /* PhotoSubmitterExample-Info.plist */,
				7901A0711505F4B7003DA0DC /* InfoPlist.strings */,
				7901A0741505F4B7003DA0DC /* main.m */,
				7901A0761505F4B7003DA0DC /* PhotoSubmitterExample-Prefix.pch */,
			);
			name = "Supporting Files";
			sourceTree = "<group>";
		};
		7901A0861505F4B8003DA0DC /* PhotoSubmitterExampleTests */ = {
			isa = PBXGroup;
			children = (
				7901A08C1505F4B8003DA0DC /* PhotoSubmitterExampleTests.h */,
				7901A08D1505F4B8003DA0DC /* PhotoSubmitterExampleTests.m */,
				7901A0871505F4B8003DA0DC /* Supporting Files */,
			);
			path = PhotoSubmitterExampleTests;
			sourceTree = "<group>";
		};
		7901A0871505F4B8003DA0DC /* Supporting Files */ = {
			isa = PBXGroup;
			children = (
				7901A0881505F4B8003DA0DC /* PhotoSubmitterExampleTests-Info.plist */,
				7901A0891505F4B8003DA0DC /* InfoPlist.strings */,
			);
			name = "Supporting Files";
			sourceTree = "<group>";
		};
		7901A12F1505FD7A003DA0DC /* PhotoSubmitter */ = {
			isa = PBXGroup;
			children = (
				7901A15F1505FD7A003DA0DC /* Resources */,
				7901A1651505FD7A003DA0DC /* Services */,
				7901A16F1505FD7A003DA0DC /* Settings */,
				7901A17E1505FD7A003DA0DC /* UtilityCategories */,
				7901A1311505FD7A003DA0DC /* Libraries */,
				7901A1471505FD7A003DA0DC /* PhotoSubmitter.h */,
				7901A1481505FD7A003DA0DC /* PhotoSubmitter.m */,
				7901A1491505FD7A003DA0DC /* PhotoSubmitterAccountTableViewController.h */,
				7901A14A1505FD7A003DA0DC /* PhotoSubmitterAccountTableViewController.m */,
				7901A14B1505FD7A003DA0DC /* PhotoSubmitterAlbumEntity.h */,
				7901A14C1505FD7A003DA0DC /* PhotoSubmitterAlbumEntity.m */,
				7901A14D1505FD7A003DA0DC /* PhotoSubmitterAPIKey-template.h */,
				7901A14E1505FD7A003DA0DC /* PhotoSubmitterAPIKey.h */,
				7901A14F1505FD7A003DA0DC /* PhotoSubmitterFactory.h */,
				7901A1501505FD7A003DA0DC /* PhotoSubmitterFactory.m */,
				7901A1511505FD7A003DA0DC /* PhotoSubmitterImageEntity.h */,
				7901A1521505FD7A003DA0DC /* PhotoSubmitterImageEntity.m */,
				7901A1531505FD7A003DA0DC /* PhotoSubmitterManager.h */,
				7901A1541505FD7A003DA0DC /* PhotoSubmitterManager.m */,
				7901A1551505FD7A003DA0DC /* PhotoSubmitterOperation.h */,
				7901A1561505FD7A003DA0DC /* PhotoSubmitterOperation.m */,
				7901A1571505FD7A003DA0DC /* PhotoSubmitterProtocol.h */,
				7901A1581505FD7A003DA0DC /* PhotoSubmitterSequencialOperationQueue.h */,
				7901A1591505FD7A003DA0DC /* PhotoSubmitterSequencialOperationQueue.m */,
				7901A15A1505FD7A003DA0DC /* PhotoSubmitterSettings.h */,
				7901A15B1505FD7A003DA0DC /* PhotoSubmitterSettings.m */,
				7901A15C1505FD7A003DA0DC /* PSLang.h */,
				7901A15D1505FD7A003DA0DC /* PSLang.m */,
			);
			path = PhotoSubmitter;
			sourceTree = "<group>";
		};
		7901A1311505FD7A003DA0DC /* Libraries */ = {
			isa = PBXGroup;
			children = (
				7901A1321505FD7A003DA0DC /* FBNetworkReachability */,
				7901A1351505FD7A003DA0DC /* ios-queue-object */,
				7901A1381505FD7A003DA0DC /* PDKeychainBindingsController */,
				7901A13D1505FD7A003DA0DC /* RegexKitLite */,
				7901A1401505FD7A003DA0DC /* UIImage-categories */,
			);
			path = Libraries;
			sourceTree = "<group>";
		};
		7901A1321505FD7A003DA0DC /* FBNetworkReachability */ = {
			isa = PBXGroup;
			children = (
				7901A1331505FD7A003DA0DC /* FBNetworkReachability.h */,
				7901A1341505FD7A003DA0DC /* FBNetworkReachability.m */,
			);
			path = FBNetworkReachability;
			sourceTree = "<group>";
		};
		7901A1351505FD7A003DA0DC /* ios-queue-object */ = {
			isa = PBXGroup;
			children = (
				7901A1361505FD7A003DA0DC /* NSMutableArray+QueueAdditions.h */,
				7901A1371505FD7A003DA0DC /* NSMutableArray+QueueAdditions.m */,
			);
			path = "ios-queue-object";
			sourceTree = "<group>";
		};
		7901A1381505FD7A003DA0DC /* PDKeychainBindingsController */ = {
			isa = PBXGroup;
			children = (
				7901A1391505FD7A003DA0DC /* PDKeychainBindings.h */,
				7901A13A1505FD7A003DA0DC /* PDKeychainBindings.m */,
				7901A13B1505FD7A003DA0DC /* PDKeychainBindingsController.h */,
				7901A13C1505FD7A003DA0DC /* PDKeychainBindingsController.m */,
			);
			path = PDKeychainBindingsController;
			sourceTree = "<group>";
		};
		7901A13D1505FD7A003DA0DC /* RegexKitLite */ = {
			isa = PBXGroup;
			children = (
				7901A13E1505FD7A003DA0DC /* RegexKitLite.h */,
				7901A13F1505FD7A003DA0DC /* RegexKitLite.m */,
			);
			path = RegexKitLite;
			sourceTree = "<group>";
		};
		7901A1401505FD7A003DA0DC /* UIImage-categories */ = {
			isa = PBXGroup;
			children = (
				7901A1411505FD7A003DA0DC /* UIImage+Alpha.h */,
				7901A1421505FD7A003DA0DC /* UIImage+Alpha.m */,
				7901A1431505FD7A003DA0DC /* UIImage+Resize.h */,
				7901A1441505FD7A003DA0DC /* UIImage+Resize.m */,
				7901A1451505FD7A003DA0DC /* UIImage+RoundedCorner.h */,
				7901A1461505FD7A003DA0DC /* UIImage+RoundedCorner.m */,
			);
			path = "UIImage-categories";
			sourceTree = "<group>";
		};
		7901A15F1505FD7A003DA0DC /* Resources */ = {
			isa = PBXGroup;
			children = (
				7901A1601505FD7A003DA0DC /* Localizations */,
			);
			path = Resources;
			sourceTree = "<group>";
		};
		7901A1601505FD7A003DA0DC /* Localizations */ = {
			isa = PBXGroup;
			children = (
				7901A1611505FD7A003DA0DC /* PhotoSubmitter.strings */,
				7901A1641505FD7A003DA0DC /* strings.txt */,
			);
			path = Localizations;
			sourceTree = "<group>";
		};
		7901A1651505FD7A003DA0DC /* Services */ = {
			isa = PBXGroup;
			children = (
				7901A1661505FD7A003DA0DC /* File */,
			);
			path = Services;
			sourceTree = "<group>";
		};
		7901A1661505FD7A003DA0DC /* File */ = {
			isa = PBXGroup;
			children = (
				7901A1671505FD7A003DA0DC /* FilePhotoSubmitter.h */,
				7901A1681505FD7A003DA0DC /* FilePhotoSubmitter.m */,
				7901A1691505FD7A003DA0DC /* Resources */,
			);
			path = File;
			sourceTree = "<group>";
		};
		7901A1691505FD7A003DA0DC /* Resources */ = {
			isa = PBXGroup;
			children = (
				7901A16A1505FD7A003DA0DC /* Images */,
			);
			path = Resources;
			sourceTree = "<group>";
		};
		7901A16A1505FD7A003DA0DC /* Images */ = {
			isa = PBXGroup;
			children = (
				7901A16B1505FD7A003DA0DC /* file_16.png */,
				7901A16C1505FD7A003DA0DC /* file_16@2x.png */,
				7901A16D1505FD7A003DA0DC /* file_32.png */,
				7901A16E1505FD7A003DA0DC /* file_32@2x.png */,
			);
			path = Images;
			sourceTree = "<group>";
		};
		7901A16F1505FD7A003DA0DC /* Settings */ = {
			isa = PBXGroup;
			children = (
				7901A1701505FD7A003DA0DC /* AlbumPhotoSubmitterSettingTableViewController.h */,
				7901A1711505FD7A003DA0DC /* AlbumPhotoSubmitterSettingTableViewController.m */,
				7901A1721505FD7A003DA0DC /* CreateAlbumPhotoSubmitterSettingViewController.h */,
				7901A1731505FD7A003DA0DC /* CreateAlbumPhotoSubmitterSettingViewController.m */,
				7901A1741505FD7A003DA0DC /* PhotoSubmitterServiceSettingTableViewController.h */,
				7901A1751505FD7A003DA0DC /* PhotoSubmitterServiceSettingTableViewController.m */,
				7901A1761505FD7A003DA0DC /* PhotoSubmitterSettingTableViewController.h */,
				7901A1771505FD7A003DA0DC /* PhotoSubmitterSettingTableViewController.m */,
				7901A1781505FD7A003DA0DC /* PhotoSubmitterSettingTableViewProtocol.h */,
				7901A1791505FD7A003DA0DC /* PhotoSubmitterSwitch.h */,
				7901A17A1505FD7A003DA0DC /* PhotoSubmitterSwitch.m */,
				7901A17B1505FD7A003DA0DC /* SimplePhotoSubmitterSettingTableViewController.h */,
				7901A17C1505FD7A003DA0DC /* SimplePhotoSubmitterSettingTableViewController.m */,
			);
			path = Settings;
			sourceTree = "<group>";
		};
		7901A17E1505FD7A003DA0DC /* UtilityCategories */ = {
			isa = PBXGroup;
			children = (
				7901A17F1505FD7A003DA0DC /* base64.c */,
				7901A1801505FD7A003DA0DC /* base64.h */,
				7901A1811505FD7A003DA0DC /* NSData+Base64.h */,
				7901A1821505FD7A003DA0DC /* NSData+Base64.m */,
				7901A1831505FD7A003DA0DC /* NSData+Digest.h */,
				7901A1841505FD7A003DA0DC /* NSData+Digest.m */,
				7901A1851505FD7A003DA0DC /* NSString+Base64.h */,
				7901A1861505FD7A003DA0DC /* NSString+Base64.m */,
				7901A1871505FD7A003DA0DC /* UIImage+AutoRotation.h */,
				7901A1881505FD7A003DA0DC /* UIImage+AutoRotation.m */,
				7901A1891505FD7A003DA0DC /* UIImage+Digest.h */,
				7901A18A1505FD7A003DA0DC /* UIImage+Digest.m */,
				7901A18B1505FD7A003DA0DC /* UIImage+EXIF.h */,
				7901A18C1505FD7A003DA0DC /* UIImage+EXIF.m */,
			);
			path = UtilityCategories;
			sourceTree = "<group>";
		};
/* End PBXGroup section */

/* Begin PBXNativeTarget section */
		7901A0631505F4B7003DA0DC /* PhotoSubmitterExample */ = {
			isa = PBXNativeTarget;
			buildConfigurationList = 7901A0911505F4B8003DA0DC /* Build configuration list for PBXNativeTarget "PhotoSubmitterExample" */;
			buildPhases = (
				7901A0601505F4B7003DA0DC /* Sources */,
				7901A0611505F4B7003DA0DC /* Frameworks */,
				7901A0621505F4B7003DA0DC /* Resources */,
			);
			buildRules = (
			);
			dependencies = (
			);
			name = PhotoSubmitterExample;
			productName = PhotoSubmitterExample;
			productReference = 7901A0641505F4B7003DA0DC /* PhotoSubmitterExample.app */;
			productType = "com.apple.product-type.application";
		};
		7901A07E1505F4B7003DA0DC /* PhotoSubmitterExampleTests */ = {
			isa = PBXNativeTarget;
			buildConfigurationList = 7901A0941505F4B8003DA0DC /* Build configuration list for PBXNativeTarget "PhotoSubmitterExampleTests" */;
			buildPhases = (
				7901A07A1505F4B7003DA0DC /* Sources */,
				7901A07B1505F4B7003DA0DC /* Frameworks */,
				7901A07C1505F4B7003DA0DC /* Resources */,
				7901A07D1505F4B7003DA0DC /* ShellScript */,
			);
			buildRules = (
			);
			dependencies = (
				7901A0851505F4B8003DA0DC /* PBXTargetDependency */,
			);
			name = PhotoSubmitterExampleTests;
			productName = PhotoSubmitterExampleTests;
			productReference = 7901A07F1505F4B7003DA0DC /* PhotoSubmitterExampleTests.octest */;
			productType = "com.apple.product-type.bundle";
		};
/* End PBXNativeTarget section */

/* Begin PBXProject section */
		7901A05B1505F4B7003DA0DC /* Project object */ = {
			isa = PBXProject;
			attributes = {
				LastUpgradeCheck = 0420;
			};
			buildConfigurationList = 7901A05E1505F4B7003DA0DC /* Build configuration list for PBXProject "PhotoSubmitterExample" */;
			compatibilityVersion = "Xcode 3.2";
			developmentRegion = English;
			hasScannedForEncodings = 0;
			knownRegions = (
				en,
				ja,
			);
			mainGroup = 7901A0591505F4B7003DA0DC;
			productRefGroup = 7901A0651505F4B7003DA0DC /* Products */;
			projectDirPath = "";
			projectRoot = "";
			targets = (
				7901A0631505F4B7003DA0DC /* PhotoSubmitterExample */,
				7901A07E1505F4B7003DA0DC /* PhotoSubmitterExampleTests */,
			);
		};
/* End PBXProject section */

/* Begin PBXResourcesBuildPhase section */
		7901A0621505F4B7003DA0DC /* Resources */ = {
			isa = PBXResourcesBuildPhase;
			buildActionMask = 2147483647;
			files = (
				7901A0731505F4B7003DA0DC /* InfoPlist.strings in Resources */,
				7901A1A11505FD7A003DA0DC /* PhotoSubmitter.strings in Resources */,
				7901A1A21505FD7A003DA0DC /* strings.txt in Resources */,
				7901A1A41505FD7A003DA0DC /* file_16.png in Resources */,
				7901A1A51505FD7A003DA0DC /* file_16@2x.png in Resources */,
				7901A1A61505FD7A003DA0DC /* file_32.png in Resources */,
				7901A1A71505FD7A003DA0DC /* file_32@2x.png in Resources */,
			);
			runOnlyForDeploymentPostprocessing = 0;
		};
		7901A07C1505F4B7003DA0DC /* Resources */ = {
			isa = PBXResourcesBuildPhase;
			buildActionMask = 2147483647;
			files = (
				7901A08B1505F4B8003DA0DC /* InfoPlist.strings in Resources */,
			);
			runOnlyForDeploymentPostprocessing = 0;
		};
/* End PBXResourcesBuildPhase section */

/* Begin PBXShellScriptBuildPhase section */
		7901A07D1505F4B7003DA0DC /* ShellScript */ = {
			isa = PBXShellScriptBuildPhase;
			buildActionMask = 2147483647;
			files = (
			);
			inputPaths = (
			);
			outputPaths = (
			);
			runOnlyForDeploymentPostprocessing = 0;
			shellPath = /bin/sh;
			shellScript = "# Run the unit tests in this test bundle.\n\"${SYSTEM_DEVELOPER_DIR}/Tools/RunUnitTests\"\n";
		};
/* End PBXShellScriptBuildPhase section */

/* Begin PBXSourcesBuildPhase section */
		7901A0601505F4B7003DA0DC /* Sources */ = {
			isa = PBXSourcesBuildPhase;
			buildActionMask = 2147483647;
			files = (
				7901A0751505F4B7003DA0DC /* main.m in Sources */,
				7901A0791505F4B7003DA0DC /* AppDelegate.m in Sources */,
				7901A18E1505FD7A003DA0DC /* FBNetworkReachability.m in Sources */,
				7901A18F1505FD7A003DA0DC /* NSMutableArray+QueueAdditions.m in Sources */,
				7901A1901505FD7A003DA0DC /* PDKeychainBindings.m in Sources */,
				7901A1911505FD7A003DA0DC /* PDKeychainBindingsController.m in Sources */,
				7901A1921505FD7A003DA0DC /* RegexKitLite.m in Sources */,
				7901A1931505FD7A003DA0DC /* UIImage+Alpha.m in Sources */,
				7901A1941505FD7A003DA0DC /* UIImage+Resize.m in Sources */,
				7901A1951505FD7A003DA0DC /* UIImage+RoundedCorner.m in Sources */,
				7901A1961505FD7A003DA0DC /* PhotoSubmitter.m in Sources */,
				7901A1971505FD7A003DA0DC /* PhotoSubmitterAccountTableViewController.m in Sources */,
				7901A1981505FD7A003DA0DC /* PhotoSubmitterAlbumEntity.m in Sources */,
				7901A1991505FD7A003DA0DC /* PhotoSubmitterFactory.m in Sources */,
				7901A19A1505FD7A003DA0DC /* PhotoSubmitterImageEntity.m in Sources */,
				7901A19B1505FD7A003DA0DC /* PhotoSubmitterManager.m in Sources */,
				7901A19C1505FD7A003DA0DC /* PhotoSubmitterOperation.m in Sources */,
				7901A19D1505FD7A003DA0DC /* PhotoSubmitterSequencialOperationQueue.m in Sources */,
				7901A19E1505FD7A003DA0DC /* PhotoSubmitterSettings.m in Sources */,
				7901A19F1505FD7A003DA0DC /* PSLang.m in Sources */,
				7901A1A31505FD7A003DA0DC /* FilePhotoSubmitter.m in Sources */,
				7901A1A81505FD7A003DA0DC /* AlbumPhotoSubmitterSettingTableViewController.m in Sources */,
				7901A1A91505FD7A003DA0DC /* CreateAlbumPhotoSubmitterSettingViewController.m in Sources */,
				7901A1AA1505FD7A003DA0DC /* PhotoSubmitterServiceSettingTableViewController.m in Sources */,
				7901A1AB1505FD7A003DA0DC /* PhotoSubmitterSettingTableViewController.m in Sources */,
				7901A1AC1505FD7A003DA0DC /* PhotoSubmitterSwitch.m in Sources */,
				7901A1AD1505FD7A003DA0DC /* SimplePhotoSubmitterSettingTableViewController.m in Sources */,
				7901A1AF1505FD7A003DA0DC /* base64.c in Sources */,
				7901A1B01505FD7A003DA0DC /* NSData+Base64.m in Sources */,
				7901A1B11505FD7A003DA0DC /* NSData+Digest.m in Sources */,
				7901A1B21505FD7A003DA0DC /* NSString+Base64.m in Sources */,
				7901A1B31505FD7A003DA0DC /* UIImage+AutoRotation.m in Sources */,
				7901A1B41505FD7A003DA0DC /* UIImage+Digest.m in Sources */,
				7901A1B51505FD7A003DA0DC /* UIImage+EXIF.m in Sources */,
			);
			runOnlyForDeploymentPostprocessing = 0;
		};
		7901A07A1505F4B7003DA0DC /* Sources */ = {
			isa = PBXSourcesBuildPhase;
			buildActionMask = 2147483647;
			files = (
				7901A08E1505F4B8003DA0DC /* PhotoSubmitterExampleTests.m in Sources */,
			);
			runOnlyForDeploymentPostprocessing = 0;
		};
/* End PBXSourcesBuildPhase section */

/* Begin PBXTargetDependency section */
		7901A0851505F4B8003DA0DC /* PBXTargetDependency */ = {
			isa = PBXTargetDependency;
			target = 7901A0631505F4B7003DA0DC /* PhotoSubmitterExample */;
			targetProxy = 7901A0841505F4B8003DA0DC /* PBXContainerItemProxy */;
		};
/* End PBXTargetDependency section */

/* Begin PBXVariantGroup section */
		7901A0711505F4B7003DA0DC /* InfoPlist.strings */ = {
			isa = PBXVariantGroup;
			children = (
				7901A0721505F4B7003DA0DC /* en */,
			);
			name = InfoPlist.strings;
			sourceTree = "<group>";
		};
		7901A0891505F4B8003DA0DC /* InfoPlist.strings */ = {
			isa = PBXVariantGroup;
			children = (
				7901A08A1505F4B8003DA0DC /* en */,
			);
			name = InfoPlist.strings;
			sourceTree = "<group>";
		};
		7901A1611505FD7A003DA0DC /* PhotoSubmitter.strings */ = {
			isa = PBXVariantGroup;
			children = (
				7901A1621505FD7A003DA0DC /* en */,
				7901A1631505FD7A003DA0DC /* ja */,
			);
			name = PhotoSubmitter.strings;
			sourceTree = "<group>";
		};
/* End PBXVariantGroup section */

/* Begin XCBuildConfiguration section */
		7901A08F1505F4B8003DA0DC /* Debug */ = {
			isa = XCBuildConfiguration;
			buildSettings = {
				ALWAYS_SEARCH_USER_PATHS = NO;
				ARCHS = "$(ARCHS_STANDARD_32_BIT)";
				CLANG_ENABLE_OBJC_ARC = YES;
				"CODE_SIGN_IDENTITY[sdk=iphoneos*]" = "iPhone Developer";
				COPY_PHASE_STRIP = NO;
				GCC_C_LANGUAGE_STANDARD = gnu99;
				GCC_DYNAMIC_NO_PIC = NO;
				GCC_OPTIMIZATION_LEVEL = 0;
				GCC_PREPROCESSOR_DEFINITIONS = (
					"DEBUG=1",
					"$(inherited)",
				);
				GCC_SYMBOLS_PRIVATE_EXTERN = NO;
				GCC_VERSION = com.apple.compilers.llvm.clang.1_0;
				GCC_WARN_ABOUT_MISSING_PROTOTYPES = YES;
				GCC_WARN_ABOUT_RETURN_TYPE = YES;
				GCC_WARN_UNUSED_VARIABLE = YES;
				IPHONEOS_DEPLOYMENT_TARGET = 5.0;
				SDKROOT = iphoneos;
				TARGETED_DEVICE_FAMILY = "1,2";
			};
			name = Debug;
		};
		7901A0901505F4B8003DA0DC /* Release */ = {
			isa = XCBuildConfiguration;
			buildSettings = {
				ALWAYS_SEARCH_USER_PATHS = NO;
				ARCHS = "$(ARCHS_STANDARD_32_BIT)";
				CLANG_ENABLE_OBJC_ARC = YES;
				"CODE_SIGN_IDENTITY[sdk=iphoneos*]" = "iPhone Developer";
				COPY_PHASE_STRIP = YES;
				GCC_C_LANGUAGE_STANDARD = gnu99;
				GCC_VERSION = com.apple.compilers.llvm.clang.1_0;
				GCC_WARN_ABOUT_MISSING_PROTOTYPES = YES;
				GCC_WARN_ABOUT_RETURN_TYPE = YES;
				GCC_WARN_UNUSED_VARIABLE = YES;
				IPHONEOS_DEPLOYMENT_TARGET = 5.0;
				OTHER_CFLAGS = "-DNS_BLOCK_ASSERTIONS=1";
				SDKROOT = iphoneos;
				TARGETED_DEVICE_FAMILY = "1,2";
				VALIDATE_PRODUCT = YES;
			};
			name = Release;
		};
		7901A0921505F4B8003DA0DC /* Debug */ = {
			isa = XCBuildConfiguration;
			buildSettings = {
				GCC_PRECOMPILE_PREFIX_HEADER = YES;
				GCC_PREFIX_HEADER = "PhotoSubmitterExample/PhotoSubmitterExample-Prefix.pch";
				INFOPLIST_FILE = "PhotoSubmitterExample/PhotoSubmitterExample-Info.plist";
				PRODUCT_NAME = "$(TARGET_NAME)";
				WRAPPER_EXTENSION = app;
			};
			name = Debug;
		};
		7901A0931505F4B8003DA0DC /* Release */ = {
			isa = XCBuildConfiguration;
			buildSettings = {
				GCC_PRECOMPILE_PREFIX_HEADER = YES;
				GCC_PREFIX_HEADER = "PhotoSubmitterExample/PhotoSubmitterExample-Prefix.pch";
				INFOPLIST_FILE = "PhotoSubmitterExample/PhotoSubmitterExample-Info.plist";
				PRODUCT_NAME = "$(TARGET_NAME)";
				WRAPPER_EXTENSION = app;
			};
			name = Release;
		};
		7901A0951505F4B8003DA0DC /* Debug */ = {
			isa = XCBuildConfiguration;
			buildSettings = {
				BUNDLE_LOADER = "$(BUILT_PRODUCTS_DIR)/PhotoSubmitterExample.app/PhotoSubmitterExample";
				FRAMEWORK_SEARCH_PATHS = (
					"$(SDKROOT)/Developer/Library/Frameworks",
					"$(DEVELOPER_LIBRARY_DIR)/Frameworks",
				);
				GCC_PRECOMPILE_PREFIX_HEADER = YES;
				GCC_PREFIX_HEADER = "PhotoSubmitterExample/PhotoSubmitterExample-Prefix.pch";
				INFOPLIST_FILE = "PhotoSubmitterExampleTests/PhotoSubmitterExampleTests-Info.plist";
				PRODUCT_NAME = "$(TARGET_NAME)";
				TEST_HOST = "$(BUNDLE_LOADER)";
				WRAPPER_EXTENSION = octest;
			};
			name = Debug;
		};
		7901A0961505F4B8003DA0DC /* Release */ = {
			isa = XCBuildConfiguration;
			buildSettings = {
				BUNDLE_LOADER = "$(BUILT_PRODUCTS_DIR)/PhotoSubmitterExample.app/PhotoSubmitterExample";
				FRAMEWORK_SEARCH_PATHS = (
					"$(SDKROOT)/Developer/Library/Frameworks",
					"$(DEVELOPER_LIBRARY_DIR)/Frameworks",
				);
				GCC_PRECOMPILE_PREFIX_HEADER = YES;
				GCC_PREFIX_HEADER = "PhotoSubmitterExample/PhotoSubmitterExample-Prefix.pch";
				INFOPLIST_FILE = "PhotoSubmitterExampleTests/PhotoSubmitterExampleTests-Info.plist";
				PRODUCT_NAME = "$(TARGET_NAME)";
				TEST_HOST = "$(BUNDLE_LOADER)";
				WRAPPER_EXTENSION = octest;
			};
			name = Release;
		};
/* End XCBuildConfiguration section */

/* Begin XCConfigurationList section */
		7901A05E1505F4B7003DA0DC /* Build configuration list for PBXProject "PhotoSubmitterExample" */ = {
			isa = XCConfigurationList;
			buildConfigurations = (
				7901A08F1505F4B8003DA0DC /* Debug */,
				7901A0901505F4B8003DA0DC /* Release */,
			);
			defaultConfigurationIsVisible = 0;
			defaultConfigurationName = Release;
		};
		7901A0911505F4B8003DA0DC /* Build configuration list for PBXNativeTarget "PhotoSubmitterExample" */ = {
			isa = XCConfigurationList;
			buildConfigurations = (
				7901A0921505F4B8003DA0DC /* Debug */,
				7901A0931505F4B8003DA0DC /* Release */,
			);
			defaultConfigurationIsVisible = 0;
			defaultConfigurationName = Release;
		};
		7901A0941505F4B8003DA0DC /* Build configuration list for PBXNativeTarget "PhotoSubmitterExampleTests" */ = {
			isa = XCConfigurationList;
			buildConfigurations = (
				7901A0951505F4B8003DA0DC /* Debug */,
				7901A0961505F4B8003DA0DC /* Release */,
			);
			defaultConfigurationIsVisible = 0;
			defaultConfigurationName = Release;
		};
/* End XCConfigurationList section */
	};
	rootObject = 7901A05B1505F4B7003DA0DC /* Project object */;
}
